<Solution>
  <Configurations>
    <Platform Name="x64" />
    <Platform Name="x86" />
  </Configurations>
  <Project Path="Chap04-01-app/Chap04-01-app.vcxproj" />
  <Project Path="Chap04-quiz1/Chap04-quiz1.vcxproj" />
  <Project Path="Chap04-quiz2/Chap04-quiz2.vcxproj" />
  <Project Path="Chap04-quiz4/Chap04-quiz4.vcxproj" />
</Solution>
